
Microsoft Visual Studio Solution File, Format Version 12.00
# Visual Studio Version 16
VisualStudioVersion = 16.0.29215.179
MinimumVisualStudioVersion = 10.0.40219.1
Project("{9A19103F-16F7-4668-BE54-9A1E7A4F7556}") = "WX.DevChallenge.Answers", "WX.DevChallenge.Answers\WX.DevChallenge.Answers.csproj", "{86041ED4-E3B0-4994-A1EA-BE740F7427A7}"
EndProject
Project("{FAE04EC0-301F-11D3-BF4B-00C04F79EFBC}") = "WX.DevChallenge.Answers.UnitTests", "WX.DevChallenge.Answers.UnitTests\WX.DevChallenge.Answers.UnitTests.csproj", "{45CD167D-EBB6-4156-92D9-557E81B23BAE}"
EndProject
Global
	GlobalSection(SolutionConfigurationPlatforms) = preSolution
		Debug|Any CPU = Debug|Any CPU
		Release|Any CPU = Release|Any CPU
	EndGlobalSection
	GlobalSection(ProjectConfigurationPlatforms) = postSolution
		{86041ED4-E3B0-4994-A1EA-BE740F7427A7}.Debug|Any CPU.ActiveCfg = Debug|Any CPU
		{86041ED4-E3B0-4994-A1EA-BE740F7427A7}.Debug|Any CPU.Build.0 = Debug|Any CPU
		{86041ED4-E3B0-4994-A1EA-BE740F7427A7}.Release|Any CPU.ActiveCfg = Release|Any CPU
		{86041ED4-E3B0-4994-A1EA-BE740F7427A7}.Release|Any CPU.Build.0 = Release|Any CPU
		{45CD167D-EBB6-4156-92D9-557E81B23BAE}.Debug|Any CPU.ActiveCfg = Debug|Any CPU
		{45CD167D-EBB6-4156-92D9-557E81B23BAE}.Debug|Any CPU.Build.0 = Debug|Any CPU
		{45CD167D-EBB6-4156-92D9-557E81B23BAE}.Release|Any CPU.ActiveCfg = Release|Any CPU
		{45CD167D-EBB6-4156-92D9-557E81B23BAE}.Release|Any CPU.Build.0 = Release|Any CPU
	EndGlobalSection
	GlobalSection(SolutionProperties) = preSolution
		HideSolutionNode = FALSE
	EndGlobalSection
	GlobalSection(ExtensibilityGlobals) = postSolution
		SolutionGuid = {B3321A44-AA90-49B8-89DE-2E917834198B}
	EndGlobalSection
EndGlobal
